
Microsoft Visual Studio Solution File, Format Version 12.00
# Visual Studio 2013
VisualStudioVersion = 12.0.21005.1
MinimumVisualStudioVersion = 10.0.40219.1
Project("{9A19103F-16F7-4668-BE54-9A1E7A4F7556}") = "GatherUp", "GatherUp.csproj", "{D8A9C0E4-C911-4637-94A3-267354BFBBCF}"
EndProject
Global
	GlobalSection(SolutionConfigurationPlatforms) = preSolution
		Debug|Any CPU = Debug|Any CPU
		Debug|x86 = Debug|x86
		Release|Any CPU = Release|Any CPU
		Release|x86 = Release|x86
	EndGlobalSection
	GlobalSection(ProjectConfigurationPlatforms) = postSolution
		{D8A9C0E4-C911-4637-94A3-267354BFBBCF}.Debug|Any CPU.ActiveCfg = Debug|Any CPU
		{D8A9C0E4-C911-4637-94A3-267354BFBBCF}.Debug|Any CPU.Build.0 = Debug|Any CPU
		{D8A9C0E4-C911-4637-94A3-267354BFBBCF}.Debug|x86.ActiveCfg = Debug|x86
		{D8A9C0E4-C911-4637-94A3-267354BFBBCF}.Debug|x86.Build.0 = Debug|x86
		{D8A9C0E4-C911-4637-94A3-267354BFBBCF}.Release|Any CPU.ActiveCfg = Release|Any CPU
		{D8A9C0E4-C911-4637-94A3-267354BFBBCF}.Release|Any CPU.Build.0 = Release|Any CPU
		{D8A9C0E4-C911-4637-94A3-267354BFBBCF}.Release|x86.ActiveCfg = Release|x86
		{D8A9C0E4-C911-4637-94A3-267354BFBBCF}.Release|x86.Build.0 = Release|x86
	EndGlobalSection
	GlobalSection(SolutionProperties) = preSolution
		HideSolutionNode = FALSE
	EndGlobalSection
EndGlobal
